# This file is automatically @generated by Cargo.
# It is not intended for manual editing.
version = 4

[[package]]
name = "echo-args-wasm"
version = "0.1.0"

[[package]]
name = "hello-wasm"
version = "0.1.0"

[[package]]
name = "wasmsand-coreutils"
version = "0.1.0"

[[package]]
name = "wasmsand-shell"
version = "0.1.0"
